
Microsoft Visual Studio Solution File, Format Version 12.00
# Visual Studio 15
VisualStudioVersion = 15.0.28307.960
MinimumVisualStudioVersion = 10.0.40219.1
Project("{FAE04EC0-301F-11D3-BF4B-00C04F79EFBC}") = "BNV", "BNV\BNV\BNV.csproj", "{C51907B5-3BAB-40F4-A277-46E9E0CD551E}"
EndProject
Project("{FAE04EC0-301F-11D3-BF4B-00C04F79EFBC}") = "BNV.Android", "BNV\BNV.Android\BNV.Android.csproj", "{F01BBB9C-66DC-4692-8B20-8DEB08D4523A}"
EndProject
Project("{FAE04EC0-301F-11D3-BF4B-00C04F79EFBC}") = "BNV.iOS", "BNV\BNV.iOS\BNV.iOS.csproj", "{29E4D8A1-F7F2-4893-A717-C624C93727D7}"
EndProject
Global
	GlobalSection(SolutionConfigurationPlatforms) = preSolution
		Ad-Hoc|Any CPU = Ad-Hoc|Any CPU
		Ad-Hoc|iPhone = Ad-Hoc|iPhone
		Ad-Hoc|iPhoneSimulator = Ad-Hoc|iPhoneSimulator
		AppStore|Any CPU = AppStore|Any CPU
		AppStore|iPhone = AppStore|iPhone
		AppStore|iPhoneSimulator = AppStore|iPhoneSimulator
		Debug|Any CPU = Debug|Any CPU
		Debug|iPhone = Debug|iPhone
		Debug|iPhoneSimulator = Debug|iPhoneSimulator
		Release|Any CPU = Release|Any CPU
		Release|iPhone = Release|iPhone
		Release|iPhoneSimulator = Release|iPhoneSimulator
	EndGlobalSection
	GlobalSection(ProjectConfigurationPlatforms) = postSolution
		{C51907B5-3BAB-40F4-A277-46E9E0CD551E}.Ad-Hoc|Any CPU.ActiveCfg = Debug|Any CPU
		{C51907B5-3BAB-40F4-A277-46E9E0CD551E}.Ad-Hoc|Any CPU.Build.0 = Debug|Any CPU
		{C51907B5-3BAB-40F4-A277-46E9E0CD551E}.Ad-Hoc|iPhone.ActiveCfg = Debug|Any CPU
		{C51907B5-3BAB-40F4-A277-46E9E0CD551E}.Ad-Hoc|iPhone.Build.0 = Debug|Any CPU
		{C51907B5-3BAB-40F4-A277-46E9E0CD551E}.Ad-Hoc|iPhoneSimulator.ActiveCfg = Debug|Any CPU
		{C51907B5-3BAB-40F4-A277-46E9E0CD551E}.Ad-Hoc|iPhoneSimulator.Build.0 = Debug|Any CPU
		{C51907B5-3BAB-40F4-A277-46E9E0CD551E}.AppStore|Any CPU.ActiveCfg = Debug|Any CPU
		{C51907B5-3BAB-40F4-A277-46E9E0CD551E}.AppStore|Any CPU.Build.0 = Debug|Any CPU
		{C51907B5-3BAB-40F4-A277-46E9E0CD551E}.AppStore|iPhone.ActiveCfg = Debug|Any CPU
		{C51907B5-3BAB-40F4-A277-46E9E0CD551E}.AppStore|iPhone.Build.0 = Debug|Any CPU
		{C51907B5-3BAB-40F4-A277-46E9E0CD551E}.AppStore|iPhoneSimulator.ActiveCfg = Debug|Any CPU
		{C51907B5-3BAB-40F4-A277-46E9E0CD551E}.AppStore|iPhoneSimulator.Build.0 = Debug|Any CPU
		{C51907B5-3BAB-40F4-A277-46E9E0CD551E}.Debug|Any CPU.ActiveCfg = Debug|Any CPU
		{C51907B5-3BAB-40F4-A277-46E9E0CD551E}.Debug|Any CPU.Build.0 = Debug|Any CPU
		{C51907B5-3BAB-40F4-A277-46E9E0CD551E}.Debug|iPhone.ActiveCfg = Debug|Any CPU
		{C51907B5-3BAB-40F4-A277-46E9E0CD551E}.Debug|iPhone.Build.0 = Debug|Any CPU
		{C51907B5-3BAB-40F4-A277-46E9E0CD551E}.Debug|iPhoneSimulator.ActiveCfg = Debug|Any CPU
		{C51907B5-3BAB-40F4-A277-46E9E0CD551E}.Debug|iPhoneSimulator.Build.0 = Debug|Any CPU
		{C51907B5-3BAB-40F4-A277-46E9E0CD551E}.Release|Any CPU.ActiveCfg = Release|Any CPU
		{C51907B5-3BAB-40F4-A277-46E9E0CD551E}.Release|Any CPU.Build.0 = Release|Any CPU
		{C51907B5-3BAB-40F4-A277-46E9E0CD551E}.Release|iPhone.ActiveCfg = Release|Any CPU
		{C51907B5-3BAB-40F4-A277-46E9E0CD551E}.Release|iPhone.Build.0 = Release|Any CPU
		{C51907B5-3BAB-40F4-A277-46E9E0CD551E}.Release|iPhoneSimulator.ActiveCfg = Release|Any CPU
		{C51907B5-3BAB-40F4-A277-46E9E0CD551E}.Release|iPhoneSimulator.Build.0 = Release|Any CPU
		{F01BBB9C-66DC-4692-8B20-8DEB08D4523A}.Ad-Hoc|Any CPU.ActiveCfg = Release|Any CPU
		{F01BBB9C-66DC-4692-8B20-8DEB08D4523A}.Ad-Hoc|Any CPU.Build.0 = Release|Any CPU
		{F01BBB9C-66DC-4692-8B20-8DEB08D4523A}.Ad-Hoc|Any CPU.Deploy.0 = Release|Any CPU
		{F01BBB9C-66DC-4692-8B20-8DEB08D4523A}.Ad-Hoc|iPhone.ActiveCfg = Release|Any CPU
		{F01BBB9C-66DC-4692-8B20-8DEB08D4523A}.Ad-Hoc|iPhone.Build.0 = Release|Any CPU
		{F01BBB9C-66DC-4692-8B20-8DEB08D4523A}.Ad-Hoc|iPhone.Deploy.0 = Release|Any CPU
		{F01BBB9C-66DC-4692-8B20-8DEB08D4523A}.Ad-Hoc|iPhoneSimulator.ActiveCfg = Release|Any CPU
		{F01BBB9C-66DC-4692-8B20-8DEB08D4523A}.Ad-Hoc|iPhoneSimulator.Build.0 = Release|Any CPU
		{F01BBB9C-66DC-4692-8B20-8DEB08D4523A}.Ad-Hoc|iPhoneSimulator.Deploy.0 = Release|Any CPU
		{F01BBB9C-66DC-4692-8B20-8DEB08D4523A}.AppStore|Any CPU.ActiveCfg = Release|Any CPU
		{F01BBB9C-66DC-4692-8B20-8DEB08D4523A}.AppStore|Any CPU.Build.0 = Release|Any CPU
		{F01BBB9C-66DC-4692-8B20-8DEB08D4523A}.AppStore|Any CPU.Deploy.0 = Release|Any CPU
		{F01BBB9C-66DC-4692-8B20-8DEB08D4523A}.AppStore|iPhone.ActiveCfg = Release|Any CPU
		{F01BBB9C-66DC-4692-8B20-8DEB08D4523A}.AppStore|iPhone.Build.0 = Release|Any CPU
		{F01BBB9C-66DC-4692-8B20-8DEB08D4523A}.AppStore|iPhone.Deploy.0 = Release|Any CPU
		{F01BBB9C-66DC-4692-8B20-8DEB08D4523A}.AppStore|iPhoneSimulator.ActiveCfg = Release|Any CPU
		{F01BBB9C-66DC-4692-8B20-8DEB08D4523A}.AppStore|iPhoneSimulator.Build.0 = Release|Any CPU
		{F01BBB9C-66DC-4692-8B20-8DEB08D4523A}.AppStore|iPhoneSimulator.Deploy.0 = Release|Any CPU
		{F01BBB9C-66DC-4692-8B20-8DEB08D4523A}.Debug|Any CPU.ActiveCfg = Debug|Any CPU
		{F01BBB9C-66DC-4692-8B20-8DEB08D4523A}.Debug|Any CPU.Build.0 = Debug|Any CPU
		{F01BBB9C-66DC-4692-8B20-8DEB08D4523A}.Debug|Any CPU.Deploy.0 = Debug|Any CPU
		{F01BBB9C-66DC-4692-8B20-8DEB08D4523A}.Debug|iPhone.ActiveCfg = Debug|Any CPU
		{F01BBB9C-66DC-4692-8B20-8DEB08D4523A}.Debug|iPhone.Build.0 = Debug|Any CPU
		{F01BBB9C-66DC-4692-8B20-8DEB08D4523A}.Debug|iPhone.Deploy.0 = Debug|Any CPU
		{F01BBB9C-66DC-4692-8B20-8DEB08D4523A}.Debug|iPhoneSimulator.ActiveCfg = Debug|Any CPU
		{F01BBB9C-66DC-4692-8B20-8DEB08D4523A}.Debug|iPhoneSimulator.Build.0 = Debug|Any CPU
		{F01BBB9C-66DC-4692-8B20-8DEB08D4523A}.Debug|iPhoneSimulator.Deploy.0 = Debug|Any CPU
		{F01BBB9C-66DC-4692-8B20-8DEB08D4523A}.Release|Any CPU.ActiveCfg = Release|Any CPU
		{F01BBB9C-66DC-4692-8B20-8DEB08D4523A}.Release|Any CPU.Build.0 = Release|Any CPU
		{F01BBB9C-66DC-4692-8B20-8DEB08D4523A}.Release|Any CPU.Deploy.0 = Release|Any CPU
		{F01BBB9C-66DC-4692-8B20-8DEB08D4523A}.Release|iPhone.ActiveCfg = Release|Any CPU
		{F01BBB9C-66DC-4692-8B20-8DEB08D4523A}.Release|iPhone.Build.0 = Release|Any CPU
		{F01BBB9C-66DC-4692-8B20-8DEB08D4523A}.Release|iPhone.Deploy.0 = Release|Any CPU
		{F01BBB9C-66DC-4692-8B20-8DEB08D4523A}.Release|iPhoneSimulator.ActiveCfg = Release|Any CPU
		{F01BBB9C-66DC-4692-8B20-8DEB08D4523A}.Release|iPhoneSimulator.Build.0 = Release|Any CPU
		{F01BBB9C-66DC-4692-8B20-8DEB08D4523A}.Release|iPhoneSimulator.Deploy.0 = Release|Any CPU
		{29E4D8A1-F7F2-4893-A717-C624C93727D7}.Ad-Hoc|Any CPU.ActiveCfg = Ad-Hoc|iPhone
		{29E4D8A1-F7F2-4893-A717-C624C93727D7}.Ad-Hoc|iPhone.ActiveCfg = Ad-Hoc|iPhone
		{29E4D8A1-F7F2-4893-A717-C624C93727D7}.Ad-Hoc|iPhone.Build.0 = Ad-Hoc|iPhone
		{29E4D8A1-F7F2-4893-A717-C624C93727D7}.Ad-Hoc|iPhoneSimulator.ActiveCfg = Ad-Hoc|iPhoneSimulator
		{29E4D8A1-F7F2-4893-A717-C624C93727D7}.Ad-Hoc|iPhoneSimulator.Build.0 = Ad-Hoc|iPhoneSimulator
		{29E4D8A1-F7F2-4893-A717-C624C93727D7}.AppStore|Any CPU.ActiveCfg = AppStore|iPhone
		{29E4D8A1-F7F2-4893-A717-C624C93727D7}.AppStore|iPhone.ActiveCfg = AppStore|iPhone
		{29E4D8A1-F7F2-4893-A717-C624C93727D7}.AppStore|iPhone.Build.0 = AppStore|iPhone
		{29E4D8A1-F7F2-4893-A717-C624C93727D7}.AppStore|iPhoneSimulator.ActiveCfg = AppStore|iPhoneSimulator
		{29E4D8A1-F7F2-4893-A717-C624C93727D7}.AppStore|iPhoneSimulator.Build.0 = AppStore|iPhoneSimulator
		{29E4D8A1-F7F2-4893-A717-C624C93727D7}.Debug|Any CPU.ActiveCfg = Debug|iPhone
		{29E4D8A1-F7F2-4893-A717-C624C93727D7}.Debug|iPhone.ActiveCfg = Debug|iPhone
		{29E4D8A1-F7F2-4893-A717-C624C93727D7}.Debug|iPhone.Build.0 = Debug|iPhone
		{29E4D8A1-F7F2-4893-A717-C624C93727D7}.Debug|iPhoneSimulator.ActiveCfg = Debug|iPhoneSimulator
		{29E4D8A1-F7F2-4893-A717-C624C93727D7}.Debug|iPhoneSimulator.Build.0 = Debug|iPhoneSimulator
		{29E4D8A1-F7F2-4893-A717-C624C93727D7}.Release|Any CPU.ActiveCfg = Release|iPhone
		{29E4D8A1-F7F2-4893-A717-C624C93727D7}.Release|iPhone.ActiveCfg = Release|iPhone
		{29E4D8A1-F7F2-4893-A717-C624C93727D7}.Release|iPhone.Build.0 = Release|iPhone
		{29E4D8A1-F7F2-4893-A717-C624C93727D7}.Release|iPhoneSimulator.ActiveCfg = Release|iPhoneSimulator
		{29E4D8A1-F7F2-4893-A717-C624C93727D7}.Release|iPhoneSimulator.Build.0 = Release|iPhoneSimulator
		{29E4D8A1-F7F2-4893-A717-C624C93727D7}.Debug|Any CPU.Build.0 = Debug|iPhone
	EndGlobalSection
	GlobalSection(SolutionProperties) = preSolution
		HideSolutionNode = FALSE
	EndGlobalSection
	GlobalSection(ExtensibilityGlobals) = postSolution
		SolutionGuid = {508CBF5A-51E9-4008-9674-FBF689763F35}
	EndGlobalSection
EndGlobal
